<?xml version="1.0" encoding="utf-8"?>
<Project ToolsVersion="4.0" xmlns="http://schemas.microsoft.com/developer/msbuild/2003">
  <ItemGroup>
    <ClInclude Include="headers\MyScene.h" />
    <ClInclude Include="headers\Scene.h" />
    <ClInclude Include="headers\Util.h" />
    <ClInclude Include="headers\Window.h" />
  </ItemGroup>
  <ItemGroup>
    <Image Include="utils\texture_floor.bmp" />
  </ItemGroup>
  <ItemGroup>
    <Filter Include="src">
      <UniqueIdentifier>{49699429-a438-4bea-9ad4-e553ce18b8df}</UniqueIdentifier>
    </Filter>
  </ItemGroup>
  <ItemGroup>
    <ClCompile Include="src\main.cpp">
      <Filter>src</Filter>
    </ClCompile>
  </ItemGroup>
</Project>