
Microsoft Visual Studio Solution File, Format Version 12.00
# Visual Studio Version 16
VisualStudioVersion = 16.0.31112.23
MinimumVisualStudioVersion = 10.0.40219.1
Project("{8BC9CEB8-8B4A-11D0-8D11-00A0C91BC942}") = "SkeletonModel", "SkeletonModel.vcxproj", "{1E41D42C-6088-4258-AF96-F47229C09082}"
EndProject
Project("{54435603-DBB4-11D2-8724-00A0C9A8B90C}") = "Modelo3D Instalador", "Modelo3D Instalador\Modelo3D Instalador.vdproj", "{2BC6E2E0-18A2-4435-AD41-39A430204A0E}"
EndProject
Global
	GlobalSection(SolutionConfigurationPlatforms) = preSolution
		Debug|x64 = Debug|x64
		Debug|x86 = Debug|x86
		Release|x64 = Release|x64
		Release|x86 = Release|x86
	EndGlobalSection
	GlobalSection(ProjectConfigurationPlatforms) = postSolution
		{1E41D42C-6088-4258-AF96-F47229C09082}.Debug|x64.ActiveCfg = Debug|x64
		{1E41D42C-6088-4258-AF96-F47229C09082}.Debug|x64.Build.0 = Debug|x64
		{1E41D42C-6088-4258-AF96-F47229C09082}.Debug|x86.ActiveCfg = Debug|Win32
		{1E41D42C-6088-4258-AF96-F47229C09082}.Debug|x86.Build.0 = Debug|Win32
		{1E41D42C-6088-4258-AF96-F47229C09082}.Release|x64.ActiveCfg = Release|x64
		{1E41D42C-6088-4258-AF96-F47229C09082}.Release|x64.Build.0 = Release|x64
		{1E41D42C-6088-4258-AF96-F47229C09082}.Release|x86.ActiveCfg = Release|Win32
		{1E41D42C-6088-4258-AF96-F47229C09082}.Release|x86.Build.0 = Release|Win32
		{2BC6E2E0-18A2-4435-AD41-39A430204A0E}.Debug|x64.ActiveCfg = Debug
		{2BC6E2E0-18A2-4435-AD41-39A430204A0E}.Debug|x86.ActiveCfg = Debug
		{2BC6E2E0-18A2-4435-AD41-39A430204A0E}.Release|x64.ActiveCfg = Release
		{2BC6E2E0-18A2-4435-AD41-39A430204A0E}.Release|x86.ActiveCfg = Release
	EndGlobalSection
	GlobalSection(SolutionProperties) = preSolution
		HideSolutionNode = FALSE
	EndGlobalSection
	GlobalSection(ExtensibilityGlobals) = postSolution
		SolutionGuid = {47B3194E-8F23-4327-ACF7-D88E8F8EB955}
	EndGlobalSection
EndGlobal
